
Microsoft Visual Studio Solution File, Format Version 12.00
# Visual Studio Version 17
VisualStudioVersion = 17.10.34928.147
MinimumVisualStudioVersion = 10.0.40219.1
Project("{FAE04EC0-301F-11D3-BF4B-00C04F79EFBC}") = "ClienTWPF1", "ClienTWPF1\ClienTWPF1.csproj", "{357FDB3D-34C2-4D7F-9733-7C21170C75C9}"
EndProject
Global
	GlobalSection(SolutionConfigurationPlatforms) = preSolution
		Debug|Any CPU = Debug|Any CPU
		Release|Any CPU = Release|Any CPU
	EndGlobalSection
	GlobalSection(ProjectConfigurationPlatforms) = postSolution
		{357FDB3D-34C2-4D7F-9733-7C21170C75C9}.Debug|Any CPU.ActiveCfg = Debug|Any CPU
		{357FDB3D-34C2-4D7F-9733-7C21170C75C9}.Debug|Any CPU.Build.0 = Debug|Any CPU
		{357FDB3D-34C2-4D7F-9733-7C21170C75C9}.Release|Any CPU.ActiveCfg = Release|Any CPU
		{357FDB3D-34C2-4D7F-9733-7C21170C75C9}.Release|Any CPU.Build.0 = Release|Any CPU
	EndGlobalSection
	GlobalSection(SolutionProperties) = preSolution
		HideSolutionNode = FALSE
	EndGlobalSection
	GlobalSection(ExtensibilityGlobals) = postSolution
		SolutionGuid = {AB6F1600-AB23-48E0-A547-6A546C585F2C}
	EndGlobalSection
EndGlobal
